{
  "name": "@meanbee/magento2-serviceworker",
  "version": "2.0.0",
  "lockfileVersion": 1,
  "requires": true,
  "dependencies": {
    "workbox-google-analytics": {
      "version": "1.0.0",
      "resolved": "https://registry.npmjs.org/workbox-google-analytics/-/workbox-google-analytics-1.0.0.tgz",
      "integrity": "sha1-tdiA6WLqg6ueqY3nwSEpdlM1f3A="
    },
    "workbox-sw": {
      "version": "1.0.1",
      "resolved": "https://registry.npmjs.org/workbox-sw/-/workbox-sw-1.0.1.tgz",
      "integrity": "sha1-spFpix1Y8Fq+zGy5GflFyamvDx8="
    }
  }
}
